<?xml version="1.0" encoding="utf-8"?>
<Project ToolsVersion="4.0" xmlns="http://schemas.microsoft.com/developer/msbuild/2003">
  <ItemGroup>
    <Filter Include="源文件">
      <UniqueIdentifier>{4FC737F1-C7A5-4376-A066-2A32D752A2FF}</UniqueIdentifier>
      <Extensions>cpp;c;cc;cxx;def;odl;idl;hpj;bat;asm;asmx</Extensions>
    </Filter>
    <Filter Include="资源文件">
      <UniqueIdentifier>{67DA6AB6-F800-4c08-8B7A-83BB121AAD01}</UniqueIdentifier>
      <Extensions>rc;ico;cur;bmp;dlg;rc2;rct;bin;rgs;gif;jpg;jpeg;jpe;resx;tiff;tif;png;wav;mfcribbon-ms</Extensions>
    </Filter>
    <Filter Include="源文件\头文件">
      <UniqueIdentifier>{93995380-89BD-4b04-88EB-625FBE52EBFB}</UniqueIdentifier>
      <Extensions>h;hh;hpp;hxx;hm;inl;inc;ipp;xsd</Extensions>
    </Filter>
  </ItemGroup>
  <ItemGroup>
    <ClCompile Include="环境搭建.cpp">
      <Filter>源文件</Filter>
    </ClCompile>
    <ClCompile Include="加载修改保存.cpp">
      <Filter>源文件</Filter>
    </ClCompile>
    <ClCompile Include="掩膜操作.cpp">
      <Filter>源文件</Filter>
    </ClCompile>
    <ClCompile Include="Mat对象.cpp">
      <Filter>源文件</Filter>
    </ClCompile>
    <ClCompile Include="图像操作.cpp">
      <Filter>源文件</Filter>
    </ClCompile>
    <ClCompile Include="图像混合.cpp">
      <Filter>源文件</Filter>
    </ClCompile>
    <ClCompile Include="调整亮度和对比度.cpp">
      <Filter>源文件</Filter>
    </ClCompile>
    <ClCompile Include="绘制形状与文字.cpp">
      <Filter>源文件</Filter>
    </ClCompile>
    <ClCompile Include="模糊图像.cpp">
      <Filter>源文件</Filter>
    </ClCompile>
    <ClCompile Include="膨胀与腐蚀.cpp">
      <Filter>源文件</Filter>
    </ClCompile>
    <ClCompile Include="形态学操作.cpp">
      <Filter>源文件</Filter>
    </ClCompile>
    <ClCompile Include="提取水平与垂直线.cpp">
      <Filter>源文件</Filter>
    </ClCompile>
    <ClCompile Include="上采样和降采样.cpp">
      <Filter>源文件</Filter>
    </ClCompile>
    <ClCompile Include="阈值操作.cpp">
      <Filter>源文件</Filter>
    </ClCompile>
    <ClCompile Include="自定义线性滤波.cpp">
      <Filter>源文件</Filter>
    </ClCompile>
    <ClCompile Include="边缘处理.cpp">
      <Filter>源文件</Filter>
    </ClCompile>
    <ClCompile Include="sobel算子.cpp">
      <Filter>源文件</Filter>
    </ClCompile>
    <ClCompile Include="Laplance算子.cpp">
      <Filter>源文件</Filter>
    </ClCompile>
    <ClCompile Include="Canny边缘检测.cpp">
      <Filter>源文件</Filter>
    </ClCompile>
    <ClCompile Include="霍夫变换_直线.cpp">
      <Filter>源文件</Filter>
    </ClCompile>
    <ClCompile Include="霍夫圆变换.cpp">
      <Filter>源文件</Filter>
    </ClCompile>
    <ClCompile Include="像素重映射.cpp">
      <Filter>源文件</Filter>
    </ClCompile>
    <ClCompile Include="直方图均衡化.cpp">
      <Filter>源文件</Filter>
    </ClCompile>
    <ClCompile Include="直方图计算.cpp">
      <Filter>源文件</Filter>
    </ClCompile>
    <ClCompile Include="直方图比较.cpp">
      <Filter>源文件</Filter>
    </ClCompile>
    <ClCompile Include="模板匹配.cpp">
      <Filter>源文件</Filter>
    </ClCompile>
    <ClCompile Include="直方图反向投影.cpp">
      <Filter>源文件</Filter>
    </ClCompile>
    <ClCompile Include="轮廓发现.cpp">
      <Filter>源文件</Filter>
    </ClCompile>
    <ClCompile Include="凸包.cpp">
      <Filter>源文件</Filter>
    </ClCompile>
    <ClCompile Include="轮廓周围的矩形圆形绘制.cpp">
      <Filter>源文件</Filter>
    </ClCompile>
    <ClCompile Include="图像矩.cpp">
      <Filter>源文件</Filter>
    </ClCompile>
    <ClCompile Include="点多边形测试.cpp">
      <Filter>源文件</Filter>
    </ClCompile>
    <ClCompile Include="距离变换和分水岭图像分割.cpp">
      <Filter>源文件</Filter>
    </ClCompile>
  </ItemGroup>
</Project>